PODS:
  - Highlightr (2.1.0)
  - macOSThemeKit (1.2.3)
  - Starscream (4.0.4)

DEPENDENCIES:
  - Highlightr
  - macOSThemeKit (~> 1.2.0)
  - Starscream

SPEC REPOS:
  https://github.com/CocoaPods/Specs.git:
    - Highlightr
    - macOSThemeKit
  trunk:
    - Starscream

SPEC CHECKSUMS:
  Highlightr: 595f3e100737c8de41113385da8bd0b5b65212c6
  macOSThemeKit: 651af12838675beac5547687226a270c294f8f84
  Starscream: 5178aed56b316f13fa3bc55694e583d35dd414d9

PODFILE CHECKSUM: 53caee84655e66019d8f8dc5b2623a832b6c70b9

COCOAPODS: 1.10.1
